
Microsoft Visual Studio Solution File, Format Version 12.00
# Visual Studio 15
VisualStudioVersion = 15.0.28307.329
MinimumVisualStudioVersion = 10.0.40219.1
Project("{FAE04EC0-301F-11D3-BF4B-00C04F79EFBC}") = "Sandbox429", "Sandbox429\Sandbox429.csproj", "{BA3FCE2B-709A-412F-B7FF-242F5E7B85D2}"
EndProject
Global
	GlobalSection(SolutionConfigurationPlatforms) = preSolution
		Debug|Any CPU = Debug|Any CPU
		Release|Any CPU = Release|Any CPU
	EndGlobalSection
	GlobalSection(ProjectConfigurationPlatforms) = postSolution
		{BA3FCE2B-709A-412F-B7FF-242F5E7B85D2}.Debug|Any CPU.ActiveCfg = Debug|Any CPU
		{BA3FCE2B-709A-412F-B7FF-242F5E7B85D2}.Debug|Any CPU.Build.0 = Debug|Any CPU
		{BA3FCE2B-709A-412F-B7FF-242F5E7B85D2}.Release|Any CPU.ActiveCfg = Release|Any CPU
		{BA3FCE2B-709A-412F-B7FF-242F5E7B85D2}.Release|Any CPU.Build.0 = Release|Any CPU
	EndGlobalSection
	GlobalSection(SolutionProperties) = preSolution
		HideSolutionNode = FALSE
	EndGlobalSection
	GlobalSection(ExtensibilityGlobals) = postSolution
		SolutionGuid = {AD811EDF-3F9F-4369-8E1B-5BF2AC99E732}
	EndGlobalSection
EndGlobal
